
Microsoft Visual Studio Solution File, Format Version 12.00
# Visual Studio Version 17
VisualStudioVersion = 17.3.32811.315
MinimumVisualStudioVersion = 10.0.40219.1
Project("{FAE04EC0-301F-11D3-BF4B-00C04F79EFBC}") = "DataDisplay", "DataDisplay\DataDisplay.csproj", "{AD0FC21D-6F65-4829-A0F8-947595319330}"
EndProject
Global
	GlobalSection(SolutionConfigurationPlatforms) = preSolution
		Debug|Any CPU = Debug|Any CPU
		Release|Any CPU = Release|Any CPU
	EndGlobalSection
	GlobalSection(ProjectConfigurationPlatforms) = postSolution
		{AD0FC21D-6F65-4829-A0F8-947595319330}.Debug|Any CPU.ActiveCfg = Debug|Any CPU
		{AD0FC21D-6F65-4829-A0F8-947595319330}.Debug|Any CPU.Build.0 = Debug|Any CPU
		{AD0FC21D-6F65-4829-A0F8-947595319330}.Release|Any CPU.ActiveCfg = Release|Any CPU
		{AD0FC21D-6F65-4829-A0F8-947595319330}.Release|Any CPU.Build.0 = Release|Any CPU
	EndGlobalSection
	GlobalSection(SolutionProperties) = preSolution
		HideSolutionNode = FALSE
	EndGlobalSection
	GlobalSection(ExtensibilityGlobals) = postSolution
		SolutionGuid = {5B3E993F-1F04-4F3C-82A2-AAF98E3AD93D}
	EndGlobalSection
EndGlobal
